<?xml version="1.0" encoding="utf-8"?>
<Project ToolsVersion="4.0" xmlns="http://schemas.microsoft.com/developer/msbuild/2003">
  <ItemGroup>
    <Filter Include="Source Files">
      <UniqueIdentifier>{4FC737F1-C7A5-4376-A066-2A32D752A2FF}</UniqueIdentifier>
      <Extensions>cpp;c;cc;cxx;def;odl;idl;hpj;bat;asm;asmx</Extensions>
    </Filter>
    <Filter Include="Header Files">
      <UniqueIdentifier>{93995380-89BD-4b04-88EB-625FBE52EBFB}</UniqueIdentifier>
      <Extensions>h;hh;hpp;hxx;hm;inl;inc;ipp;xsd</Extensions>
    </Filter>
    <Filter Include="Resource Files">
      <UniqueIdentifier>{67DA6AB6-F800-4c08-8B7A-83BB121AAD01}</UniqueIdentifier>
      <Extensions>rc;ico;cur;bmp;dlg;rc2;rct;bin;rgs;gif;jpg;jpeg;jpe;resx;tiff;tif;png;wav;mfcribbon-ms</Extensions>
    </Filter>
  </ItemGroup>
  <ItemGroup>
    <ClInclude Include="src\prod\error.h">
      <Filter>Header Files</Filter>
    </ClInclude>
    <ClInclude Include="src\prod\file_handler.h">
      <Filter>Header Files</Filter>
    </ClInclude>
    <ClInclude Include="src\prod\format_macro.h">
      <Filter>Header Files</Filter>
    </ClInclude>
    <ClInclude Include="src\prod\format_macro_handlers.h">
      <Filter>Header Files</Filter>
    </ClInclude>
    <ClInclude Include="src\prod\formatter.h">
      <Filter>Header Files</Filter>
    </ClInclude>
    <ClInclude Include="src\prod\log.h">
      <Filter>Header Files</Filter>
    </ClInclude>
    <ClInclude Include="src\prod\log_level.h">
      <Filter>Header Files</Filter>
    </ClInclude>
    <ClInclude Include="src\prod\macros.h">
      <Filter>Header Files</Filter>
    </ClInclude>
    <ClInclude Include="src\prod\policy.h">
      <Filter>Header Files</Filter>
    </ClInclude>
    <ClInclude Include="src\prod\string_util.h">
      <Filter>Header Files</Filter>
    </ClInclude>
    <ClInclude Include="src\prod\time_handler.h">
      <Filter>Header Files</Filter>
    </ClInclude>
    <ClInclude Include="src\tests\formatter_test.h">
      <Filter>Header Files</Filter>
    </ClInclude>
    <ClInclude Include="src\tests\time_handler_test.h">
      <Filter>Header Files</Filter>
    </ClInclude>
    <ClInclude Include="src\prod\static_assert.h">
      <Filter>Header Files</Filter>
    </ClInclude>
    <ClInclude Include="src\tests\file_handler_test.h">
      <Filter>Header Files</Filter>
    </ClInclude>
    <ClInclude Include="src\prod\alloc.h">
      <Filter>Header Files</Filter>
    </ClInclude>
    <ClInclude Include="src\tests\perftest.h">
      <Filter>Header Files</Filter>
    </ClInclude>
  </ItemGroup>
  <ItemGroup>
    <ClCompile Include="src\prod\format_macro.c">
      <Filter>Source Files</Filter>
    </ClCompile>
    <ClCompile Include="src\prod\format_macro_handlers.c">
      <Filter>Source Files</Filter>
    </ClCompile>
    <ClCompile Include="src\prod\formatter.c">
      <Filter>Source Files</Filter>
    </ClCompile>
    <ClCompile Include="src\prod\log.c">
      <Filter>Source Files</Filter>
    </ClCompile>
    <ClCompile Include="src\prod\log_level.c">
      <Filter>Source Files</Filter>
    </ClCompile>
    <ClCompile Include="src\prod\policy.c">
      <Filter>Source Files</Filter>
    </ClCompile>
    <ClCompile Include="src\prod\string_util.c">
      <Filter>Source Files</Filter>
    </ClCompile>
    <ClCompile Include="src\prod\time_handler.c">
      <Filter>Source Files</Filter>
    </ClCompile>
    <ClCompile Include="src\tests\formatter_test.c">
      <Filter>Source Files</Filter>
    </ClCompile>
    <ClCompile Include="src\tests\time_handler_test.c">
      <Filter>Source Files</Filter>
    </ClCompile>
    <ClCompile Include="src\tests\run_tests.c">
      <Filter>Source Files</Filter>
    </ClCompile>
    <ClCompile Include="src\prod\file_handler.c">
      <Filter>Source Files</Filter>
    </ClCompile>
    <ClCompile Include="src\tests\file_handler_test.c">
      <Filter>Source Files</Filter>
    </ClCompile>
    <ClCompile Include="src\prod\error.c">
      <Filter>Source Files</Filter>
    </ClCompile>
    <ClCompile Include="src\prod\alloc.c">
      <Filter>Source Files</Filter>
    </ClCompile>
  </ItemGroup>
</Project>